
Microsoft Visual Studio Solution File, Format Version 12.00
# Visual Studio Version 17
VisualStudioVersion = 17.11.35327.3
MinimumVisualStudioVersion = 10.0.40219.1
Project("{FAE04EC0-301F-11D3-BF4B-00C04F79EFBC}") = "AnkiCSV", "AnkiCSV\AnkiCSV.csproj", "{8DFD7A5B-AF2D-467B-BEAD-3A667CE3DE5A}"
EndProject
Global
	GlobalSection(SolutionConfigurationPlatforms) = preSolution
		Debug|Any CPU = Debug|Any CPU
		Release|Any CPU = Release|Any CPU
	EndGlobalSection
	GlobalSection(ProjectConfigurationPlatforms) = postSolution
		{8DFD7A5B-AF2D-467B-BEAD-3A667CE3DE5A}.Debug|Any CPU.ActiveCfg = Debug|Any CPU
		{8DFD7A5B-AF2D-467B-BEAD-3A667CE3DE5A}.Debug|Any CPU.Build.0 = Debug|Any CPU
		{8DFD7A5B-AF2D-467B-BEAD-3A667CE3DE5A}.Release|Any CPU.ActiveCfg = Release|Any CPU
		{8DFD7A5B-AF2D-467B-BEAD-3A667CE3DE5A}.Release|Any CPU.Build.0 = Release|Any CPU
	EndGlobalSection
	GlobalSection(SolutionProperties) = preSolution
		HideSolutionNode = FALSE
	EndGlobalSection
	GlobalSection(ExtensibilityGlobals) = postSolution
		SolutionGuid = {AEB42F8C-0D92-4B94-AEB1-6D059BACAFA7}
	EndGlobalSection
EndGlobal
